
Microsoft Visual Studio Solution File, Format Version 12.00
# Visual Studio 14
VisualStudioVersion = 14.0.22609.0
MinimumVisualStudioVersion = 10.0.40219.1
Project("{f2a71f9b-5d33-465a-a702-920d77279786}") = "Auctions", "Auctions\Auctions.fsproj", "{D2034153-96B4-4A5A-8750-C41AFBE59BEC}"
EndProject
Project("{f2a71f9b-5d33-465a-a702-920d77279786}") = "Tests", "Tests\Tests.fsproj", "{C604BF8D-F010-4599-837D-E984F6378C92}"
EndProject
Project("{2150E333-8FDC-42A3-9474-1A3956D46DE8}") = "Solution Items", "Solution Items", "{98140CCC-A233-408F-8DB8-C226FF0EE2D7}"
	ProjectSection(SolutionItems) = preProject
		README.md = README.md
		NuGet.Config = NuGet.Config
	EndProjectSection
EndProject
Global
	GlobalSection(SolutionConfigurationPlatforms) = preSolution
		Debug|Any CPU = Debug|Any CPU
		Release|Any CPU = Release|Any CPU
	EndGlobalSection
	GlobalSection(ProjectConfigurationPlatforms) = postSolution
		{D2034153-96B4-4A5A-8750-C41AFBE59BEC}.Debug|Any CPU.ActiveCfg = Debug|Any CPU
		{D2034153-96B4-4A5A-8750-C41AFBE59BEC}.Debug|Any CPU.Build.0 = Debug|Any CPU
		{D2034153-96B4-4A5A-8750-C41AFBE59BEC}.Release|Any CPU.ActiveCfg = Release|Any CPU
		{D2034153-96B4-4A5A-8750-C41AFBE59BEC}.Release|Any CPU.Build.0 = Release|Any CPU
		{C604BF8D-F010-4599-837D-E984F6378C92}.Debug|Any CPU.ActiveCfg = Debug|Any CPU
		{C604BF8D-F010-4599-837D-E984F6378C92}.Debug|Any CPU.Build.0 = Debug|Any CPU
		{C604BF8D-F010-4599-837D-E984F6378C92}.Release|Any CPU.ActiveCfg = Release|Any CPU
		{C604BF8D-F010-4599-837D-E984F6378C92}.Release|Any CPU.Build.0 = Release|Any CPU
	EndGlobalSection
	GlobalSection(SolutionProperties) = preSolution
		HideSolutionNode = FALSE
	EndGlobalSection
EndGlobal
